{
  "name": "CS440-Project",
  "lockfileVersion": 3,
  "requires": true,
  "packages": {
    "": {
      "dependencies": {
        "dotenv": "^17.3.0"
      }
    },
    "node_modules/dotenv": {
      "version": "17.3.0",
      "resolved": "https://registry.npmjs.org/dotenv/-/dotenv-17.3.0.tgz",
      "integrity": "sha512-i3z5dx/8F45f+Dj0B/qG8oKip9luzyHz6dfJMOKG7zQW/12tT7CrIjs/0J10uNK/Z5O7O0UtfEmx6yFKRQCl4g==",
      "license": "BSD-2-Clause",
      "engines": {
        "node": ">=12"
      },
      "funding": {
        "url": "https://dotenvx.com"
      }
    }
  }
}
